{
    "name": "@schirkan/reactron-interfaces",
    "version": "0.0.3",
    "lockfileVersion": 1,
    "requires": true,
    "dependencies": {
        "@fortawesome/fontawesome-common-types": {
            "version": "0.2.8",
            "resolved": "https://registry.npmjs.org/@fortawesome/fontawesome-common-types/-/fontawesome-common-types-0.2.8.tgz",
            "integrity": "sha512-0sU7JDLdEeGQlWBSr5uEE6PZOM15YM1s9rFlpZV+WhNdX2V6Co3Sj0OW5el4F54X1Tw+nfxf4Cc3dUedudaDWg==",
            "dev": true
        },
        "@fortawesome/fontawesome-svg-core": {
            "version": "1.2.8",
            "resolved": "https://registry.npmjs.org/@fortawesome/fontawesome-svg-core/-/fontawesome-svg-core-1.2.8.tgz",
            "integrity": "sha512-cvcMQZ5F8WSNSGMk9uWlkmZNfDzmdsWLRrTMrNwwihHcEmWRlIuSbDt+PQ/rXsnGmJnmLQJLFBT1cse/3swxbg==",
            "dev": true,
            "requires": {
                "@fortawesome/fontawesome-common-types": "^0.2.8"
            }
        },
        "@types/node": {
            "version": "10.12.7",
            "resolved": "https://registry.npmjs.org/@types/node/-/node-10.12.7.tgz",
            "integrity": "sha512-Zh5Z4kACfbeE8aAOYh9mqotRxaZMro8MbBQtR8vEXOMiZo2rGEh2LayJijKdlu48YnS6y2EFU/oo2NCe5P6jGw==",
            "dev": true
        }
    }
}
