{
    "name": "@schirkan/reactron-interfaces",
    "version": "0.1.0",
    "lockfileVersion": 1,
    "requires": true,
    "dependencies": {
        "@fortawesome/fontawesome-common-types": {
            "version": "0.2.8",
            "resolved": "https://registry.npmjs.org/@fortawesome/fontawesome-common-types/-/fontawesome-common-types-0.2.8.tgz",
            "integrity": "sha512-0sU7JDLdEeGQlWBSr5uEE6PZOM15YM1s9rFlpZV+WhNdX2V6Co3Sj0OW5el4F54X1Tw+nfxf4Cc3dUedudaDWg==",
            "dev": true
        },
        "@fortawesome/fontawesome-svg-core": {
            "version": "1.2.8",
            "resolved": "https://registry.npmjs.org/@fortawesome/fontawesome-svg-core/-/fontawesome-svg-core-1.2.8.tgz",
            "integrity": "sha512-cvcMQZ5F8WSNSGMk9uWlkmZNfDzmdsWLRrTMrNwwihHcEmWRlIuSbDt+PQ/rXsnGmJnmLQJLFBT1cse/3swxbg==",
            "dev": true,
            "requires": {
                "@fortawesome/fontawesome-common-types": "^0.2.8"
            }
        },
        "@types/node": {
            "version": "10.12.7",
            "resolved": "https://registry.npmjs.org/@types/node/-/node-10.12.7.tgz",
            "integrity": "sha512-Zh5Z4kACfbeE8aAOYh9mqotRxaZMro8MbBQtR8vEXOMiZo2rGEh2LayJijKdlu48YnS6y2EFU/oo2NCe5P6jGw==",
            "dev": true
        },
        "@types/prop-types": {
            "version": "15.5.6",
            "resolved": "https://registry.npmjs.org/@types/prop-types/-/prop-types-15.5.6.tgz",
            "integrity": "sha512-ZBFR7TROLVzCkswA3Fmqq+IIJt62/T7aY/Dmz+QkU7CaW2QFqAitCE8Ups7IzmGhcN1YWMBT4Qcoc07jU9hOJQ==",
            "dev": true
        },
        "@types/react": {
            "version": "16.7.6",
            "resolved": "https://registry.npmjs.org/@types/react/-/react-16.7.6.tgz",
            "integrity": "sha512-QBUfzftr/8eg/q3ZRgf/GaDP6rTYc7ZNem+g4oZM38C9vXyV8AWRWaTQuW5yCoZTsfHrN7b3DeEiUnqH9SrnpA==",
            "dev": true,
            "requires": {
                "@types/prop-types": "*",
                "csstype": "^2.2.0"
            }
        },
        "csstype": {
            "version": "2.5.7",
            "resolved": "https://registry.npmjs.org/csstype/-/csstype-2.5.7.tgz",
            "integrity": "sha512-Nt5VDyOTIIV4/nRFswoCKps1R5CD1hkiyjBE9/thNaNZILLEviVw9yWQw15+O+CpNjQKB/uvdcxFFOrSflY3Yw==",
            "dev": true
        }
    }
}
